
Microsoft Visual Studio Solution File, Format Version 12.00
# Visual Studio Version 16
VisualStudioVersion = 16.0.29001.49
MinimumVisualStudioVersion = 10.0.40219.1
Project("{FAE04EC0-301F-11D3-BF4B-00C04F79EFBC}") = "COMP123-S2019-Assignment 5-Computers", "COMP123-S2019-Assignment 5-Computers\COMP123-S2019-Assignment 5-Computers.csproj", "{64BB6CC3-F65B-4BF6-B2B7-2827C30EEBFE}"
EndProject
Global
	GlobalSection(SolutionConfigurationPlatforms) = preSolution
		Debug|Any CPU = Debug|Any CPU
		Release|Any CPU = Release|Any CPU
	EndGlobalSection
	GlobalSection(ProjectConfigurationPlatforms) = postSolution
		{64BB6CC3-F65B-4BF6-B2B7-2827C30EEBFE}.Debug|Any CPU.ActiveCfg = Debug|Any CPU
		{64BB6CC3-F65B-4BF6-B2B7-2827C30EEBFE}.Debug|Any CPU.Build.0 = Debug|Any CPU
		{64BB6CC3-F65B-4BF6-B2B7-2827C30EEBFE}.Release|Any CPU.ActiveCfg = Release|Any CPU
		{64BB6CC3-F65B-4BF6-B2B7-2827C30EEBFE}.Release|Any CPU.Build.0 = Release|Any CPU
	EndGlobalSection
	GlobalSection(SolutionProperties) = preSolution
		HideSolutionNode = FALSE
	EndGlobalSection
	GlobalSection(ExtensibilityGlobals) = postSolution
		SolutionGuid = {2B367A86-F757-469C-B1E2-8223DAE68C7B}
	EndGlobalSection
EndGlobal
